
Microsoft Visual Studio Solution File, Format Version 12.00
# Visual Studio Version 17
VisualStudioVersion = 17.11.35312.102
MinimumVisualStudioVersion = 10.0.40219.1
Project("{FAE04EC0-301F-11D3-BF4B-00C04F79EFBC}") = "backend", "backend.csproj", "{78E7C390-3081-494F-90A4-FAE767BB2E51}"
EndProject
Project("{E24C65DC-7377-472B-9ABA-BC803B73C61A}") = "frontend", "..\frontend\", "{18C909C2-95E7-456D-BC56-7EE677E457C1}"
	ProjectSection(WebsiteProperties) = preProject
		TargetFrameworkMoniker = ".NETFramework,Version%3Dv4.0"
		Debug.AspNetCompiler.VirtualPath = "/localhost_52759"
		Debug.AspNetCompiler.PhysicalPath = "..\frontend\"
		Debug.AspNetCompiler.TargetPath = "PrecompiledWeb\localhost_52759\"
		Debug.AspNetCompiler.Updateable = "true"
		Debug.AspNetCompiler.ForceOverwrite = "true"
		Debug.AspNetCompiler.FixedNames = "false"
		Debug.AspNetCompiler.Debug = "True"
		Release.AspNetCompiler.VirtualPath = "/localhost_52759"
		Release.AspNetCompiler.PhysicalPath = "..\frontend\"
		Release.AspNetCompiler.TargetPath = "PrecompiledWeb\localhost_52759\"
		Release.AspNetCompiler.Updateable = "true"
		Release.AspNetCompiler.ForceOverwrite = "true"
		Release.AspNetCompiler.FixedNames = "false"
		Release.AspNetCompiler.Debug = "False"
		VWDPort = "52759"
		SlnRelativePath = "..\frontend\"
	EndProjectSection
EndProject
Global
	GlobalSection(SolutionConfigurationPlatforms) = preSolution
		Debug|Any CPU = Debug|Any CPU
		Release|Any CPU = Release|Any CPU
	EndGlobalSection
	GlobalSection(ProjectConfigurationPlatforms) = postSolution
		{78E7C390-3081-494F-90A4-FAE767BB2E51}.Debug|Any CPU.ActiveCfg = Debug|Any CPU
		{78E7C390-3081-494F-90A4-FAE767BB2E51}.Debug|Any CPU.Build.0 = Debug|Any CPU
		{78E7C390-3081-494F-90A4-FAE767BB2E51}.Release|Any CPU.ActiveCfg = Release|Any CPU
		{78E7C390-3081-494F-90A4-FAE767BB2E51}.Release|Any CPU.Build.0 = Release|Any CPU
		{18C909C2-95E7-456D-BC56-7EE677E457C1}.Debug|Any CPU.ActiveCfg = Debug|Any CPU
		{18C909C2-95E7-456D-BC56-7EE677E457C1}.Debug|Any CPU.Build.0 = Debug|Any CPU
		{18C909C2-95E7-456D-BC56-7EE677E457C1}.Release|Any CPU.ActiveCfg = Debug|Any CPU
		{18C909C2-95E7-456D-BC56-7EE677E457C1}.Release|Any CPU.Build.0 = Debug|Any CPU
	EndGlobalSection
	GlobalSection(SolutionProperties) = preSolution
		HideSolutionNode = FALSE
	EndGlobalSection
	GlobalSection(ExtensibilityGlobals) = postSolution
		SolutionGuid = {FD042B91-272E-4313-8B72-E1390983CF4D}
	EndGlobalSection
EndGlobal
